
Microsoft Visual Studio Solution File, Format Version 12.00
# Visual Studio 15
VisualStudioVersion = 15.0.26124.0
MinimumVisualStudioVersion = 15.0.26124.0
Project("{FAE04EC0-301F-11D3-BF4B-00C04F79EFBC}") = "Examples", "Examples\Examples.csproj", "{8A52AC4A-DD49-4498-99B0-1611229ADB3E}"
EndProject
Project("{FAE04EC0-301F-11D3-BF4B-00C04F79EFBC}") = "Gr.Im.Aws.SnS.Publisher", "..\..\Gr.Im.Aws.Fanout.Publisher\src\Gr.Im.Aws.SnS.Publisher\Gr.Im.Aws.SnS.Publisher.csproj", "{8BCAAB68-C7D6-4D88-B4BF-2E53E75320A7}"
EndProject
Global
	GlobalSection(SolutionConfigurationPlatforms) = preSolution
		Debug|Any CPU = Debug|Any CPU
		Debug|x64 = Debug|x64
		Debug|x86 = Debug|x86
		Release|Any CPU = Release|Any CPU
		Release|x64 = Release|x64
		Release|x86 = Release|x86
	EndGlobalSection
	GlobalSection(SolutionProperties) = preSolution
		HideSolutionNode = FALSE
	EndGlobalSection
	GlobalSection(ProjectConfigurationPlatforms) = postSolution
		{8A52AC4A-DD49-4498-99B0-1611229ADB3E}.Debug|Any CPU.ActiveCfg = Debug|Any CPU
		{8A52AC4A-DD49-4498-99B0-1611229ADB3E}.Debug|Any CPU.Build.0 = Debug|Any CPU
		{8A52AC4A-DD49-4498-99B0-1611229ADB3E}.Debug|x64.ActiveCfg = Debug|Any CPU
		{8A52AC4A-DD49-4498-99B0-1611229ADB3E}.Debug|x64.Build.0 = Debug|Any CPU
		{8A52AC4A-DD49-4498-99B0-1611229ADB3E}.Debug|x86.ActiveCfg = Debug|Any CPU
		{8A52AC4A-DD49-4498-99B0-1611229ADB3E}.Debug|x86.Build.0 = Debug|Any CPU
		{8A52AC4A-DD49-4498-99B0-1611229ADB3E}.Release|Any CPU.ActiveCfg = Release|Any CPU
		{8A52AC4A-DD49-4498-99B0-1611229ADB3E}.Release|Any CPU.Build.0 = Release|Any CPU
		{8A52AC4A-DD49-4498-99B0-1611229ADB3E}.Release|x64.ActiveCfg = Release|Any CPU
		{8A52AC4A-DD49-4498-99B0-1611229ADB3E}.Release|x64.Build.0 = Release|Any CPU
		{8A52AC4A-DD49-4498-99B0-1611229ADB3E}.Release|x86.ActiveCfg = Release|Any CPU
		{8A52AC4A-DD49-4498-99B0-1611229ADB3E}.Release|x86.Build.0 = Release|Any CPU
		{8BCAAB68-C7D6-4D88-B4BF-2E53E75320A7}.Debug|Any CPU.ActiveCfg = Debug|Any CPU
		{8BCAAB68-C7D6-4D88-B4BF-2E53E75320A7}.Debug|Any CPU.Build.0 = Debug|Any CPU
		{8BCAAB68-C7D6-4D88-B4BF-2E53E75320A7}.Debug|x64.ActiveCfg = Debug|Any CPU
		{8BCAAB68-C7D6-4D88-B4BF-2E53E75320A7}.Debug|x64.Build.0 = Debug|Any CPU
		{8BCAAB68-C7D6-4D88-B4BF-2E53E75320A7}.Debug|x86.ActiveCfg = Debug|Any CPU
		{8BCAAB68-C7D6-4D88-B4BF-2E53E75320A7}.Debug|x86.Build.0 = Debug|Any CPU
		{8BCAAB68-C7D6-4D88-B4BF-2E53E75320A7}.Release|Any CPU.ActiveCfg = Release|Any CPU
		{8BCAAB68-C7D6-4D88-B4BF-2E53E75320A7}.Release|Any CPU.Build.0 = Release|Any CPU
		{8BCAAB68-C7D6-4D88-B4BF-2E53E75320A7}.Release|x64.ActiveCfg = Release|Any CPU
		{8BCAAB68-C7D6-4D88-B4BF-2E53E75320A7}.Release|x64.Build.0 = Release|Any CPU
		{8BCAAB68-C7D6-4D88-B4BF-2E53E75320A7}.Release|x86.ActiveCfg = Release|Any CPU
		{8BCAAB68-C7D6-4D88-B4BF-2E53E75320A7}.Release|x86.Build.0 = Release|Any CPU
	EndGlobalSection
EndGlobal
